
Microsoft Visual Studio Solution File, Format Version 12.00
# Visual Studio 15
VisualStudioVersion = 15.0.28307.102
MinimumVisualStudioVersion = 10.0.40219.1
Project("{FAE04EC0-301F-11D3-BF4B-00C04F79EFBC}") = "nodecli", "nodecli\nodecli.csproj", "{DEA2ABC6-384A-481B-93C5-E6B50D940A52}"
EndProject
Global
	GlobalSection(SolutionConfigurationPlatforms) = preSolution
		Debug|Any CPU = Debug|Any CPU
		Release|Any CPU = Release|Any CPU
	EndGlobalSection
	GlobalSection(ProjectConfigurationPlatforms) = postSolution
		{DEA2ABC6-384A-481B-93C5-E6B50D940A52}.Debug|Any CPU.ActiveCfg = Debug|Any CPU
		{DEA2ABC6-384A-481B-93C5-E6B50D940A52}.Debug|Any CPU.Build.0 = Debug|Any CPU
		{DEA2ABC6-384A-481B-93C5-E6B50D940A52}.Release|Any CPU.ActiveCfg = Release|Any CPU
		{DEA2ABC6-384A-481B-93C5-E6B50D940A52}.Release|Any CPU.Build.0 = Release|Any CPU
	EndGlobalSection
	GlobalSection(SolutionProperties) = preSolution
		HideSolutionNode = FALSE
	EndGlobalSection
	GlobalSection(ExtensibilityGlobals) = postSolution
		SolutionGuid = {FD701AF9-F9D8-4D2B-A1C1-C7DB3265A6E5}
	EndGlobalSection
EndGlobal
