
Microsoft Visual Studio Solution File, Format Version 12.00
# Visual Studio 15
VisualStudioVersion = 15.0.28307.168
MinimumVisualStudioVersion = 10.0.40219.1
Project("{2150E333-8FDC-42A3-9474-1A3956D46DE8}") = "Solution Items", "Solution Items", "{33ED0B06-F18D-48CA-8493-39F1F319567D}"
	ProjectSection(SolutionItems) = preProject
		readme.md = readme.md
	EndProjectSection
EndProject
Project("{2150E333-8FDC-42A3-9474-1A3956D46DE8}") = "fortemp", "fortemp", "{A95C0306-4D5C-4593-8B85-C2708E07467E}"
EndProject
Project("{9A19103F-16F7-4668-BE54-9A1E7A4F7556}") = "allpet.node.cli", "allpet.node.cli\allpet.node.cli.csproj", "{D46C7B2F-A5B7-46F2-B470-3F5A594EAF2B}"
EndProject
Project("{9A19103F-16F7-4668-BE54-9A1E7A4F7556}") = "allpet.Peer.Tcp.Interface", "allpet.peer.tcp.Interface\allpet.Peer.Tcp.Interface.csproj", "{3CE2F925-B311-4BA5-B641-43121BBAA227}"
EndProject
Project("{9A19103F-16F7-4668-BE54-9A1E7A4F7556}") = "allpet.Peer.Tcp.PeerV2", "allpet.peer.tcp.PeerV2\allpet.Peer.Tcp.PeerV2.csproj", "{736A573C-1F2E-4157-B00E-22470A278595}"
EndProject
Project("{9A19103F-16F7-4668-BE54-9A1E7A4F7556}") = "allpet.httpserver", "allpet.httpserver\allpet.httpserver.csproj", "{B05B4388-039E-4756-9942-6BFE799C9149}"
EndProject
Project("{9A19103F-16F7-4668-BE54-9A1E7A4F7556}") = "allpet.db.simple", "allpet.db.simple\allpet.db.simple.csproj", "{C29E3065-0809-4ABB-9134-BF98FD636C61}"
EndProject
Project("{9A19103F-16F7-4668-BE54-9A1E7A4F7556}") = "allpet.node", "allpet.node\allpet.node.csproj", "{7B15FEDD-1406-4B71-BF37-ADFE0F4258C1}"
EndProject
Project("{9A19103F-16F7-4668-BE54-9A1E7A4F7556}") = "allpet.cryptology", "allpet.cryptology\allpet.cryptology.csproj", "{35EE8B32-90F0-48A4-ADDC-014DA88B0FF7}"
EndProject
Project("{9A19103F-16F7-4668-BE54-9A1E7A4F7556}") = "allpet.log", "allpet.log\allpet.log.csproj", "{B5AFAFCE-47D9-4D13-85E5-29910ED6E7B7}"
EndProject
Project("{FAE04EC0-301F-11D3-BF4B-00C04F79EFBC}") = "allpet.actor", "allpet.actor\allpet.actor.csproj", "{08AB882A-61A3-4B96-85CA-C70C474D6A9A}"
EndProject
Global
	GlobalSection(SolutionConfigurationPlatforms) = preSolution
		Debug|Any CPU = Debug|Any CPU
		Release|Any CPU = Release|Any CPU
	EndGlobalSection
	GlobalSection(ProjectConfigurationPlatforms) = postSolution
		{D46C7B2F-A5B7-46F2-B470-3F5A594EAF2B}.Debug|Any CPU.ActiveCfg = Debug|Any CPU
		{D46C7B2F-A5B7-46F2-B470-3F5A594EAF2B}.Debug|Any CPU.Build.0 = Debug|Any CPU
		{D46C7B2F-A5B7-46F2-B470-3F5A594EAF2B}.Release|Any CPU.ActiveCfg = Release|Any CPU
		{D46C7B2F-A5B7-46F2-B470-3F5A594EAF2B}.Release|Any CPU.Build.0 = Release|Any CPU
		{3CE2F925-B311-4BA5-B641-43121BBAA227}.Debug|Any CPU.ActiveCfg = Debug|Any CPU
		{3CE2F925-B311-4BA5-B641-43121BBAA227}.Debug|Any CPU.Build.0 = Debug|Any CPU
		{3CE2F925-B311-4BA5-B641-43121BBAA227}.Release|Any CPU.ActiveCfg = Release|Any CPU
		{3CE2F925-B311-4BA5-B641-43121BBAA227}.Release|Any CPU.Build.0 = Release|Any CPU
		{736A573C-1F2E-4157-B00E-22470A278595}.Debug|Any CPU.ActiveCfg = Debug|Any CPU
		{736A573C-1F2E-4157-B00E-22470A278595}.Debug|Any CPU.Build.0 = Debug|Any CPU
		{736A573C-1F2E-4157-B00E-22470A278595}.Release|Any CPU.ActiveCfg = Release|Any CPU
		{736A573C-1F2E-4157-B00E-22470A278595}.Release|Any CPU.Build.0 = Release|Any CPU
		{B05B4388-039E-4756-9942-6BFE799C9149}.Debug|Any CPU.ActiveCfg = Debug|Any CPU
		{B05B4388-039E-4756-9942-6BFE799C9149}.Debug|Any CPU.Build.0 = Debug|Any CPU
		{B05B4388-039E-4756-9942-6BFE799C9149}.Release|Any CPU.ActiveCfg = Release|Any CPU
		{B05B4388-039E-4756-9942-6BFE799C9149}.Release|Any CPU.Build.0 = Release|Any CPU
		{C29E3065-0809-4ABB-9134-BF98FD636C61}.Debug|Any CPU.ActiveCfg = Debug|Any CPU
		{C29E3065-0809-4ABB-9134-BF98FD636C61}.Debug|Any CPU.Build.0 = Debug|Any CPU
		{C29E3065-0809-4ABB-9134-BF98FD636C61}.Release|Any CPU.ActiveCfg = Release|Any CPU
		{C29E3065-0809-4ABB-9134-BF98FD636C61}.Release|Any CPU.Build.0 = Release|Any CPU
		{7B15FEDD-1406-4B71-BF37-ADFE0F4258C1}.Debug|Any CPU.ActiveCfg = Debug|Any CPU
		{7B15FEDD-1406-4B71-BF37-ADFE0F4258C1}.Debug|Any CPU.Build.0 = Debug|Any CPU
		{7B15FEDD-1406-4B71-BF37-ADFE0F4258C1}.Release|Any CPU.ActiveCfg = Release|Any CPU
		{7B15FEDD-1406-4B71-BF37-ADFE0F4258C1}.Release|Any CPU.Build.0 = Release|Any CPU
		{35EE8B32-90F0-48A4-ADDC-014DA88B0FF7}.Debug|Any CPU.ActiveCfg = Debug|Any CPU
		{35EE8B32-90F0-48A4-ADDC-014DA88B0FF7}.Debug|Any CPU.Build.0 = Debug|Any CPU
		{35EE8B32-90F0-48A4-ADDC-014DA88B0FF7}.Release|Any CPU.ActiveCfg = Release|Any CPU
		{35EE8B32-90F0-48A4-ADDC-014DA88B0FF7}.Release|Any CPU.Build.0 = Release|Any CPU
		{B5AFAFCE-47D9-4D13-85E5-29910ED6E7B7}.Debug|Any CPU.ActiveCfg = Debug|Any CPU
		{B5AFAFCE-47D9-4D13-85E5-29910ED6E7B7}.Debug|Any CPU.Build.0 = Debug|Any CPU
		{B5AFAFCE-47D9-4D13-85E5-29910ED6E7B7}.Release|Any CPU.ActiveCfg = Release|Any CPU
		{B5AFAFCE-47D9-4D13-85E5-29910ED6E7B7}.Release|Any CPU.Build.0 = Release|Any CPU
		{08AB882A-61A3-4B96-85CA-C70C474D6A9A}.Debug|Any CPU.ActiveCfg = Debug|Any CPU
		{08AB882A-61A3-4B96-85CA-C70C474D6A9A}.Debug|Any CPU.Build.0 = Debug|Any CPU
		{08AB882A-61A3-4B96-85CA-C70C474D6A9A}.Release|Any CPU.ActiveCfg = Release|Any CPU
		{08AB882A-61A3-4B96-85CA-C70C474D6A9A}.Release|Any CPU.Build.0 = Release|Any CPU
	EndGlobalSection
	GlobalSection(SolutionProperties) = preSolution
		HideSolutionNode = FALSE
	EndGlobalSection
	GlobalSection(NestedProjects) = preSolution
		{3CE2F925-B311-4BA5-B641-43121BBAA227} = {A95C0306-4D5C-4593-8B85-C2708E07467E}
		{736A573C-1F2E-4157-B00E-22470A278595} = {A95C0306-4D5C-4593-8B85-C2708E07467E}
		{B05B4388-039E-4756-9942-6BFE799C9149} = {A95C0306-4D5C-4593-8B85-C2708E07467E}
		{C29E3065-0809-4ABB-9134-BF98FD636C61} = {A95C0306-4D5C-4593-8B85-C2708E07467E}
		{7B15FEDD-1406-4B71-BF37-ADFE0F4258C1} = {A95C0306-4D5C-4593-8B85-C2708E07467E}
		{35EE8B32-90F0-48A4-ADDC-014DA88B0FF7} = {A95C0306-4D5C-4593-8B85-C2708E07467E}
		{B5AFAFCE-47D9-4D13-85E5-29910ED6E7B7} = {A95C0306-4D5C-4593-8B85-C2708E07467E}
		{08AB882A-61A3-4B96-85CA-C70C474D6A9A} = {A95C0306-4D5C-4593-8B85-C2708E07467E}
	EndGlobalSection
	GlobalSection(ExtensibilityGlobals) = postSolution
		SolutionGuid = {FD701AF9-F9D8-4D2B-A1C1-C7DB3265A6E5}
	EndGlobalSection
EndGlobal
